<?xml version="1.0" encoding="utf-8"?>
<Project ToolsVersion="4.0" xmlns="http://schemas.microsoft.com/developer/msbuild/2003">
  <ItemGroup>
    <ClInclude Include="stdafx.h" />
    <ClInclude Include="Main.h" />
    <ClInclude Include="Fbx\FbxType.h">
      <Filter>Fbx</Filter>
    </ClInclude>
    <ClInclude Include="Fbx\FbxUtility.h">
      <Filter>Fbx</Filter>
    </ClInclude>
    <ClInclude Include="Fbx\FbxLoader.h">
      <Filter>Fbx</Filter>
    </ClInclude>
    <ClInclude Include="Player\Player.h">
      <Filter>Player</Filter>
    </ClInclude>
    <ClInclude Include="Executes\TestPlay.h">
      <Filter>Executes</Filter>
    </ClInclude>
    <ClInclude Include="Player\PlayerState.h">
      <Filter>Player</Filter>
    </ClInclude>
    <ClInclude Include="Enemy\Enemy.h">
      <Filter>Enemy</Filter>
    </ClInclude>
    <ClInclude Include="Executes\Export.h">
      <Filter>Executes</Filter>
    </ClInclude>
    <ClInclude Include="Enemy\EnemyState.h">
      <Filter>Enemy</Filter>
    </ClInclude>
  </ItemGroup>
  <ItemGroup>
    <ClCompile Include="Main.cpp" />
    <ClCompile Include="Fbx\FbxUtility.cpp">
      <Filter>Fbx</Filter>
    </ClCompile>
    <ClCompile Include="Fbx\FbxLoader.cpp">
      <Filter>Fbx</Filter>
    </ClCompile>
    <ClCompile Include="Player\Player.cpp">
      <Filter>Player</Filter>
    </ClCompile>
    <ClCompile Include="Executes\TestPlay.cpp">
      <Filter>Executes</Filter>
    </ClCompile>
    <ClCompile Include="Player\PlayerState.cpp">
      <Filter>Player</Filter>
    </ClCompile>
    <ClCompile Include="Enemy\Enemy.cpp">
      <Filter>Enemy</Filter>
    </ClCompile>
    <ClCompile Include="Executes\Export.cpp">
      <Filter>Executes</Filter>
    </ClCompile>
    <ClCompile Include="Enemy\EnemyState.cpp">
      <Filter>Enemy</Filter>
    </ClCompile>
  </ItemGroup>
  <ItemGroup>
    <Filter Include="Fbx">
      <UniqueIdentifier>{f08a9535-65c5-4e8c-b0a9-e958016681ff}</UniqueIdentifier>
    </Filter>
    <Filter Include="Executes">
      <UniqueIdentifier>{23087b3f-169e-4ec8-8860-56dcbb1cfa7f}</UniqueIdentifier>
    </Filter>
    <Filter Include="Player">
      <UniqueIdentifier>{2115acea-c493-4dfd-9ce5-17f633ddacbc}</UniqueIdentifier>
    </Filter>
    <Filter Include="Enemy">
      <UniqueIdentifier>{32d4c41c-f776-4362-ae5d-3695595df230}</UniqueIdentifier>
    </Filter>
  </ItemGroup>
</Project>